
Microsoft Visual Studio Solution File, Format Version 12.00
# Visual Studio Version 17
VisualStudioVersion = 17.0.32126.317
MinimumVisualStudioVersion = 10.0.40219.1
Project("{FAE04EC0-301F-11D3-BF4B-00C04F79EFBC}") = "P_Imc", "P_Imc\P_Imc.csproj", "{2BE3B051-06E5-4F15-AC7D-AC124C5AA350}"
EndProject
Global
	GlobalSection(SolutionConfigurationPlatforms) = preSolution
		Debug|Any CPU = Debug|Any CPU
		Release|Any CPU = Release|Any CPU
	EndGlobalSection
	GlobalSection(ProjectConfigurationPlatforms) = postSolution
		{2BE3B051-06E5-4F15-AC7D-AC124C5AA350}.Debug|Any CPU.ActiveCfg = Debug|Any CPU
		{2BE3B051-06E5-4F15-AC7D-AC124C5AA350}.Debug|Any CPU.Build.0 = Debug|Any CPU
		{2BE3B051-06E5-4F15-AC7D-AC124C5AA350}.Release|Any CPU.ActiveCfg = Release|Any CPU
		{2BE3B051-06E5-4F15-AC7D-AC124C5AA350}.Release|Any CPU.Build.0 = Release|Any CPU
	EndGlobalSection
	GlobalSection(SolutionProperties) = preSolution
		HideSolutionNode = FALSE
	EndGlobalSection
	GlobalSection(ExtensibilityGlobals) = postSolution
		SolutionGuid = {E2427A98-E5A3-41B7-91B4-9A18CC6B34CC}
	EndGlobalSection
EndGlobal
